{
  "version": 4,
  "terraform_version": "0.14.6",
  "serial": 12,
  "lineage": "efb67e46-315a-ee07-3514-6bf27e3ae91f",
  "outputs": {},
  "resources": [
    {
      "mode": "managed",
      "type": "aws_iam_group",
      "name": "mlaane",
      "provider": "provider[\"registry.terraform.io/hashicorp/aws\"]",
      "instances": [
        {
          "schema_version": 0,
          "attributes": {
            "arn": "arn:aws:iam::613686492140:group/mlaane",
            "id": "mlaane",
            "name": "mlaane",
            "path": "/",
            "unique_id": "AGPAY5YUQXPWGCSVJ6ASH"
          },
          "sensitive_attributes": [],
          "private": "bnVsbA=="
        }
      ]
    },
    {
      "mode": "managed",
      "type": "aws_iam_group_membership",
      "name": "mlaane",
      "provider": "provider[\"registry.terraform.io/hashicorp/aws\"]",
      "instances": [
        {
          "schema_version": 0,
          "attributes": {
            "group": "mlaane",
            "id": "mlaane_group_membership",
            "name": "mlaane_group_membership",
            "users": [
              "mlaane"
            ]
          },
          "sensitive_attributes": [],
          "private": "bnVsbA==",
          "dependencies": [
            "aws_iam_group.mlaane",
            "aws_iam_user.mlaane"
          ]
        }
      ]
    },
    {
      "mode": "managed",
      "type": "aws_iam_user",
      "name": "mlaane",
      "provider": "provider[\"registry.terraform.io/hashicorp/aws\"]",
      "instances": [
        {
          "schema_version": 0,
          "attributes": {
            "arn": "arn:aws:iam::613686492140:user/mlaane",
            "force_destroy": false,
            "id": "mlaane",
            "name": "mlaane",
            "path": "/",
            "permissions_boundary": null,
            "tags": {},
            "unique_id": "AIDAY5YUQXPWFWZ4W3YSH"
          },
          "sensitive_attributes": [],
          "private": "bnVsbA=="
        }
      ]
    }
  ]
}
